// !$*UTF8*$!
{
	archiveVersion = 1;
	classes = {
	};
	objectVersion = 46;
	objects = {

/* Begin PBXBuildFile section */
		5FE4A5453CCD77379AA90192 /* Pods_PokeDex.framework in Frameworks */ = {isa = PBXBuildFile; fileRef = 1A7BC46027903A5439701CDD /* Pods_PokeDex.framework */; };
		92A338F61E90FC6300353165 /* AppDelegate.swift in Sources */ = {isa = PBXBuildFile; fileRef = 92A338F51E90FC6300353165 /* AppDelegate.swift */; };
		92A338F81E90FC6300353165 /* ViewController.swift in Sources */ = {isa = PBXBuildFile; fileRef = 92A338F71E90FC6300353165 /* ViewController.swift */; };
		92A338FB1E90FC6300353165 /* Main.storyboard in Resources */ = {isa = PBXBuildFile; fileRef = 92A338F91E90FC6300353165 /* Main.storyboard */; };
		92A338FD1E90FC6300353165 /* Assets.xcassets in Resources */ = {isa = PBXBuildFile; fileRef = 92A338FC1E90FC6300353165 /* Assets.xcassets */; };
		92A339001E90FC6300353165 /* LaunchScreen.storyboard in Resources */ = {isa = PBXBuildFile; fileRef = 92A338FE1E90FC6300353165 /* LaunchScreen.storyboard */; };
		92A339081E90FDBD00353165 /* pokemon.csv in Resources */ = {isa = PBXBuildFile; fileRef = 92A339071E90FDBD00353165 /* pokemon.csv */; };
		92A3390B1E91032800353165 /* Pokemon.swift in Sources */ = {isa = PBXBuildFile; fileRef = 92A3390A1E91032800353165 /* Pokemon.swift */; };
		92A3390E1E91376000353165 /* PokeCell.swift in Sources */ = {isa = PBXBuildFile; fileRef = 92A3390D1E91376000353165 /* PokeCell.swift */; };
		92A339121E9388E600353165 /* csv.swift in Sources */ = {isa = PBXBuildFile; fileRef = 92A339111E9388E600353165 /* csv.swift */; };
		92A339141E938EE300353165 /* pokemon.ttf in Resources */ = {isa = PBXBuildFile; fileRef = 92A339131E938EE300353165 /* pokemon.ttf */; };
		92A339191E93A48100353165 /* music.png in Resources */ = {isa = PBXBuildFile; fileRef = 92A339181E93A48100353165 /* music.png */; };
		92A3391B1E93A5EF00353165 /* music.mp3 in Resources */ = {isa = PBXBuildFile; fileRef = 92A3391A1E93A5EF00353165 /* music.mp3 */; };
		92A3391F1E93AF1500353165 /* PokemonDetailVC.swift in Sources */ = {isa = PBXBuildFile; fileRef = 92A3391E1E93AF1500353165 /* PokemonDetailVC.swift */; };
/* End PBXBuildFile section */

/* Begin PBXFileReference section */
		08860BE8C5E3837BCE6971D1 /* Pods-PokeDex.debug.xcconfig */ = {isa = PBXFileReference; includeInIndex = 1; lastKnownFileType = text.xcconfig; name = "Pods-PokeDex.debug.xcconfig"; path = "Pods/Target Support Files/Pods-PokeDex/Pods-PokeDex.debug.xcconfig"; sourceTree = "<group>"; };
		1A7BC46027903A5439701CDD /* Pods_PokeDex.framework */ = {isa = PBXFileReference; explicitFileType = wrapper.framework; includeInIndex = 0; path = Pods_PokeDex.framework; sourceTree = BUILT_PRODUCTS_DIR; };
		92A338F21E90FC6300353165 /* PokeDex.app */ = {isa = PBXFileReference; explicitFileType = wrapper.application; includeInIndex = 0; path = PokeDex.app; sourceTree = BUILT_PRODUCTS_DIR; };
		92A338F51E90FC6300353165 /* AppDelegate.swift */ = {isa = PBXFileReference; lastKnownFileType = sourcecode.swift; path = AppDelegate.swift; sourceTree = "<group>"; };
		92A338F71E90FC6300353165 /* ViewController.swift */ = {isa = PBXFileReference; lastKnownFileType = sourcecode.swift; path = ViewController.swift; sourceTree = "<group>"; };
		92A338FA1E90FC6300353165 /* Base */ = {isa = PBXFileReference; lastKnownFileType = file.storyboard; name = Base; path = Base.lproj/Main.storyboard; sourceTree = "<group>"; };
		92A338FC1E90FC6300353165 /* Assets.xcassets */ = {isa = PBXFileReference; lastKnownFileType = folder.assetcatalog; path = Assets.xcassets; sourceTree = "<group>"; };
		92A338FF1E90FC6300353165 /* Base */ = {isa = PBXFileReference; lastKnownFileType = file.storyboard; name = Base; path = Base.lproj/LaunchScreen.storyboard; sourceTree = "<group>"; };
		92A339011E90FC6300353165 /* Info.plist */ = {isa = PBXFileReference; lastKnownFileType = text.plist.xml; path = Info.plist; sourceTree = "<group>"; };
		92A339071E90FDBD00353165 /* pokemon.csv */ = {isa = PBXFileReference; fileEncoding = 4; lastKnownFileType = text; path = pokemon.csv; sourceTree = "<group>"; };
		92A3390A1E91032800353165 /* Pokemon.swift */ = {isa = PBXFileReference; fileEncoding = 4; lastKnownFileType = sourcecode.swift; path = Pokemon.swift; sourceTree = "<group>"; };
		92A3390D1E91376000353165 /* PokeCell.swift */ = {isa = PBXFileReference; fileEncoding = 4; lastKnownFileType = sourcecode.swift; path = PokeCell.swift; sourceTree = "<group>"; };
		92A339111E9388E600353165 /* csv.swift */ = {isa = PBXFileReference; fileEncoding = 4; lastKnownFileType = sourcecode.swift; path = csv.swift; sourceTree = "<group>"; };
		92A339131E938EE300353165 /* pokemon.ttf */ = {isa = PBXFileReference; lastKnownFileType = file; path = pokemon.ttf; sourceTree = "<group>"; };
		92A339181E93A48100353165 /* music.png */ = {isa = PBXFileReference; lastKnownFileType = image.png; path = music.png; sourceTree = "<group>"; };
		92A3391A1E93A5EF00353165 /* music.mp3 */ = {isa = PBXFileReference; lastKnownFileType = audio.mp3; path = music.mp3; sourceTree = "<group>"; };
		92A3391E1E93AF1500353165 /* PokemonDetailVC.swift */ = {isa = PBXFileReference; fileEncoding = 4; lastKnownFileType = sourcecode.swift; path = PokemonDetailVC.swift; sourceTree = "<group>"; };
		FA19C759EA72A688C5FE3D25 /* Pods-PokeDex.release.xcconfig */ = {isa = PBXFileReference; includeInIndex = 1; lastKnownFileType = text.xcconfig; name = "Pods-PokeDex.release.xcconfig"; path = "Pods/Target Support Files/Pods-PokeDex/Pods-PokeDex.release.xcconfig"; sourceTree = "<group>"; };
/* End PBXFileReference section */

/* Begin PBXFrameworksBuildPhase section */
		92A338EF1E90FC6300353165 /* Frameworks */ = {
			isa = PBXFrameworksBuildPhase;
			buildActionMask = 2147483647;
			files = (
				5FE4A5453CCD77379AA90192 /* Pods_PokeDex.framework in Frameworks */,
			);
			runOnlyForDeploymentPostprocessing = 0;
		};
/* End PBXFrameworksBuildPhase section */

/* Begin PBXGroup section */
		1DE75B946084510D90D86D90 /* Pods */ = {
			isa = PBXGroup;
			children = (
				08860BE8C5E3837BCE6971D1 /* Pods-PokeDex.debug.xcconfig */,
				FA19C759EA72A688C5FE3D25 /* Pods-PokeDex.release.xcconfig */,
			);
			name = Pods;
			sourceTree = "<group>";
		};
		60CDB83ACDC3E7B4A90FB362 /* Frameworks */ = {
			isa = PBXGroup;
			children = (
				1A7BC46027903A5439701CDD /* Pods_PokeDex.framework */,
			);
			name = Frameworks;
			sourceTree = "<group>";
		};
		92A338E91E90FC6300353165 = {
			isa = PBXGroup;
			children = (
				92A338F41E90FC6300353165 /* PokeDex */,
				92A338F31E90FC6300353165 /* Products */,
				1DE75B946084510D90D86D90 /* Pods */,
				60CDB83ACDC3E7B4A90FB362 /* Frameworks */,
			);
			sourceTree = "<group>";
		};
		92A338F31E90FC6300353165 /* Products */ = {
			isa = PBXGroup;
			children = (
				92A338F21E90FC6300353165 /* PokeDex.app */,
			);
			name = Products;
			sourceTree = "<group>";
		};
		92A338F41E90FC6300353165 /* PokeDex */ = {
			isa = PBXGroup;
			children = (
				92A339151E938F1A00353165 /* Controller */,
				92A3390C1E91373C00353165 /* View */,
				92A339091E91030E00353165 /* Model */,
				92A339161E938F2F00353165 /* Resources */,
				92A339171E938F5D00353165 /* Util */,
				92A338F51E90FC6300353165 /* AppDelegate.swift */,
				92A338F91E90FC6300353165 /* Main.storyboard */,
				92A338FE1E90FC6300353165 /* LaunchScreen.storyboard */,
				92A338FC1E90FC6300353165 /* Assets.xcassets */,
				92A339011E90FC6300353165 /* Info.plist */,
			);
			path = PokeDex;
			sourceTree = "<group>";
		};
		92A339091E91030E00353165 /* Model */ = {
			isa = PBXGroup;
			children = (
				92A3390A1E91032800353165 /* Pokemon.swift */,
			);
			name = Model;
			sourceTree = "<group>";
		};
		92A3390C1E91373C00353165 /* View */ = {
			isa = PBXGroup;
			children = (
				92A3390D1E91376000353165 /* PokeCell.swift */,
			);
			name = View;
			sourceTree = "<group>";
		};
		92A339151E938F1A00353165 /* Controller */ = {
			isa = PBXGroup;
			children = (
				92A338F71E90FC6300353165 /* ViewController.swift */,
				92A3391E1E93AF1500353165 /* PokemonDetailVC.swift */,
			);
			name = Controller;
			sourceTree = "<group>";
		};
		92A339161E938F2F00353165 /* Resources */ = {
			isa = PBXGroup;
			children = (
				92A339131E938EE300353165 /* pokemon.ttf */,
				92A339071E90FDBD00353165 /* pokemon.csv */,
				92A339181E93A48100353165 /* music.png */,
				92A3391A1E93A5EF00353165 /* music.mp3 */,
			);
			name = Resources;
			sourceTree = "<group>";
		};
		92A339171E938F5D00353165 /* Util */ = {
			isa = PBXGroup;
			children = (
				92A339111E9388E600353165 /* csv.swift */,
			);
			name = Util;
			sourceTree = "<group>";
		};
/* End PBXGroup section */

/* Begin PBXNativeTarget section */
		92A338F11E90FC6300353165 /* PokeDex */ = {
			isa = PBXNativeTarget;
			buildConfigurationList = 92A339041E90FC6300353165 /* Build configuration list for PBXNativeTarget "PokeDex" */;
			buildPhases = (
				C9B3ABE64FB0B5D834463834 /* [CP] Check Pods Manifest.lock */,
				92A338EE1E90FC6300353165 /* Sources */,
				92A338EF1E90FC6300353165 /* Frameworks */,
				92A338F01E90FC6300353165 /* Resources */,
				6739D2597E51440A5A6B8734 /* [CP] Embed Pods Frameworks */,
				D936D4084EE59361220439F6 /* [CP] Copy Pods Resources */,
			);
			buildRules = (
			);
			dependencies = (
			);
			name = PokeDex;
			productName = PokeDex;
			productReference = 92A338F21E90FC6300353165 /* PokeDex.app */;
			productType = "com.apple.product-type.application";
		};
/* End PBXNativeTarget section */

/* Begin PBXProject section */
		92A338EA1E90FC6300353165 /* Project object */ = {
			isa = PBXProject;
			attributes = {
				LastSwiftUpdateCheck = 0830;
				LastUpgradeCheck = 0830;
				ORGANIZATIONNAME = "Aman Chawla";
				TargetAttributes = {
					92A338F11E90FC6300353165 = {
						CreatedOnToolsVersion = 8.3;
						DevelopmentTeam = 3G95JV9S9H;
						LastSwiftMigration = 0830;
						ProvisioningStyle = Automatic;
					};
				};
			};
			buildConfigurationList = 92A338ED1E90FC6300353165 /* Build configuration list for PBXProject "PokeDex" */;
			compatibilityVersion = "Xcode 3.2";
			developmentRegion = English;
			hasScannedForEncodings = 0;
			knownRegions = (
				en,
				Base,
			);
			mainGroup = 92A338E91E90FC6300353165;
			productRefGroup = 92A338F31E90FC6300353165 /* Products */;
			projectDirPath = "";
			projectRoot = "";
			targets = (
				92A338F11E90FC6300353165 /* PokeDex */,
			);
		};
/* End PBXProject section */

/* Begin PBXResourcesBuildPhase section */
		92A338F01E90FC6300353165 /* Resources */ = {
			isa = PBXResourcesBuildPhase;
			buildActionMask = 2147483647;
			files = (
				92A339141E938EE300353165 /* pokemon.ttf in Resources */,
				92A339001E90FC6300353165 /* LaunchScreen.storyboard in Resources */,
				92A338FD1E90FC6300353165 /* Assets.xcassets in Resources */,
				92A339081E90FDBD00353165 /* pokemon.csv in Resources */,
				92A338FB1E90FC6300353165 /* Main.storyboard in Resources */,
				92A3391B1E93A5EF00353165 /* music.mp3 in Resources */,
				92A339191E93A48100353165 /* music.png in Resources */,
			);
			runOnlyForDeploymentPostprocessing = 0;
		};
/* End PBXResourcesBuildPhase section */

/* Begin PBXShellScriptBuildPhase section */
		6739D2597E51440A5A6B8734 /* [CP] Embed Pods Frameworks */ = {
			isa = PBXShellScriptBuildPhase;
			buildActionMask = 2147483647;
			files = (
			);
			inputPaths = (
			);
			name = "[CP] Embed Pods Frameworks";
			outputPaths = (
			);
			runOnlyForDeploymentPostprocessing = 0;
			shellPath = /bin/sh;
			shellScript = "\"${SRCROOT}/Pods/Target Support Files/Pods-PokeDex/Pods-PokeDex-frameworks.sh\"\n";
			showEnvVarsInLog = 0;
		};
		C9B3ABE64FB0B5D834463834 /* [CP] Check Pods Manifest.lock */ = {
			isa = PBXShellScriptBuildPhase;
			buildActionMask = 2147483647;
			files = (
			);
			inputPaths = (
			);
			name = "[CP] Check Pods Manifest.lock";
			outputPaths = (
			);
			runOnlyForDeploymentPostprocessing = 0;
			shellPath = /bin/sh;
			shellScript = "diff \"${PODS_ROOT}/../Podfile.lock\" \"${PODS_ROOT}/Manifest.lock\" > /dev/null\nif [ $? != 0 ] ; then\n    # print error to STDERR\n    echo \"error: The sandbox is not in sync with the Podfile.lock. Run 'pod install' or update your CocoaPods installation.\" >&2\n    exit 1\nfi\n";
			showEnvVarsInLog = 0;
		};
		D936D4084EE59361220439F6 /* [CP] Copy Pods Resources */ = {
			isa = PBXShellScriptBuildPhase;
			buildActionMask = 2147483647;
			files = (
			);
			inputPaths = (
			);
			name = "[CP] Copy Pods Resources";
			outputPaths = (
			);
			runOnlyForDeploymentPostprocessing = 0;
			shellPath = /bin/sh;
			shellScript = "\"${SRCROOT}/Pods/Target Support Files/Pods-PokeDex/Pods-PokeDex-resources.sh\"\n";
			showEnvVarsInLog = 0;
		};
/* End PBXShellScriptBuildPhase section */

/* Begin PBXSourcesBuildPhase section */
		92A338EE1E90FC6300353165 /* Sources */ = {
			isa = PBXSourcesBuildPhase;
			buildActionMask = 2147483647;
			files = (
				92A3390E1E91376000353165 /* PokeCell.swift in Sources */,
				92A338F81E90FC6300353165 /* ViewController.swift in Sources */,
				92A338F61E90FC6300353165 /* AppDelegate.swift in Sources */,
				92A3391F1E93AF1500353165 /* PokemonDetailVC.swift in Sources */,
				92A3390B1E91032800353165 /* Pokemon.swift in Sources */,
				92A339121E9388E600353165 /* csv.swift in Sources */,
			);
			runOnlyForDeploymentPostprocessing = 0;
		};
/* End PBXSourcesBuildPhase section */

/* Begin PBXVariantGroup section */
		92A338F91E90FC6300353165 /* Main.storyboard */ = {
			isa = PBXVariantGroup;
			children = (
				92A338FA1E90FC6300353165 /* Base */,
			);
			name = Main.storyboard;
			sourceTree = "<group>";
		};
		92A338FE1E90FC6300353165 /* LaunchScreen.storyboard */ = {
			isa = PBXVariantGroup;
			children = (
				92A338FF1E90FC6300353165 /* Base */,
			);
			name = LaunchScreen.storyboard;
			sourceTree = "<group>";
		};
/* End PBXVariantGroup section */

/* Begin XCBuildConfiguration section */
		92A339021E90FC6300353165 /* Debug */ = {
			isa = XCBuildConfiguration;
			buildSettings = {
				ALWAYS_SEARCH_USER_PATHS = NO;
				CLANG_ANALYZER_NONNULL = YES;
				CLANG_ANALYZER_NUMBER_OBJECT_CONVERSION = YES_AGGRESSIVE;
				CLANG_CXX_LANGUAGE_STANDARD = "gnu++0x";
				CLANG_CXX_LIBRARY = "libc++";
				CLANG_ENABLE_MODULES = YES;
				CLANG_ENABLE_OBJC_ARC = YES;
				CLANG_WARN_BOOL_CONVERSION = YES;
				CLANG_WARN_CONSTANT_CONVERSION = YES;
				CLANG_WARN_DIRECT_OBJC_ISA_USAGE = YES_ERROR;
				CLANG_WARN_DOCUMENTATION_COMMENTS = YES;
				CLANG_WARN_EMPTY_BODY = YES;
				CLANG_WARN_ENUM_CONVERSION = YES;
				CLANG_WARN_INFINITE_RECURSION = YES;
				CLANG_WARN_INT_CONVERSION = YES;
				CLANG_WARN_OBJC_ROOT_CLASS = YES_ERROR;
				CLANG_WARN_SUSPICIOUS_MOVE = YES;
				CLANG_WARN_UNREACHABLE_CODE = YES;
				CLANG_WARN__DUPLICATE_METHOD_MATCH = YES;
				"CODE_SIGN_IDENTITY[sdk=iphoneos*]" = "iPhone Developer";
				COPY_PHASE_STRIP = NO;
				DEBUG_INFORMATION_FORMAT = dwarf;
				ENABLE_STRICT_OBJC_MSGSEND = YES;
				ENABLE_TESTABILITY = YES;
				GCC_C_LANGUAGE_STANDARD = gnu99;
				GCC_DYNAMIC_NO_PIC = NO;
				GCC_NO_COMMON_BLOCKS = YES;
				GCC_OPTIMIZATION_LEVEL = 0;
				GCC_PREPROCESSOR_DEFINITIONS = (
					"DEBUG=1",
					"$(inherited)",
				);
				GCC_WARN_64_TO_32_BIT_CONVERSION = YES;
				GCC_WARN_ABOUT_RETURN_TYPE = YES_ERROR;
				GCC_WARN_UNDECLARED_SELECTOR = YES;
				GCC_WARN_UNINITIALIZED_AUTOS = YES_AGGRESSIVE;
				GCC_WARN_UNUSED_FUNCTION = YES;
				GCC_WARN_UNUSED_VARIABLE = YES;
				IPHONEOS_DEPLOYMENT_TARGET = 10.3;
				MTL_ENABLE_DEBUG_INFO = YES;
				ONLY_ACTIVE_ARCH = YES;
				SDKROOT = iphoneos;
				SWIFT_ACTIVE_COMPILATION_CONDITIONS = DEBUG;
				SWIFT_OPTIMIZATION_LEVEL = "-Onone";
				TARGETED_DEVICE_FAMILY = "1,2";
			};
			name = Debug;
		};
		92A339031E90FC6300353165 /* Release */ = {
			isa = XCBuildConfiguration;
			buildSettings = {
				ALWAYS_SEARCH_USER_PATHS = NO;
				CLANG_ANALYZER_NONNULL = YES;
				CLANG_ANALYZER_NUMBER_OBJECT_CONVERSION = YES_AGGRESSIVE;
				CLANG_CXX_LANGUAGE_STANDARD = "gnu++0x";
				CLANG_CXX_LIBRARY = "libc++";
				CLANG_ENABLE_MODULES = YES;
				CLANG_ENABLE_OBJC_ARC = YES;
				CLANG_WARN_BOOL_CONVERSION = YES;
				CLANG_WARN_CONSTANT_CONVERSION = YES;
				CLANG_WARN_DIRECT_OBJC_ISA_USAGE = YES_ERROR;
				CLANG_WARN_DOCUMENTATION_COMMENTS = YES;
				CLANG_WARN_EMPTY_BODY = YES;
				CLANG_WARN_ENUM_CONVERSION = YES;
				CLANG_WARN_INFINITE_RECURSION = YES;
				CLANG_WARN_INT_CONVERSION = YES;
				CLANG_WARN_OBJC_ROOT_CLASS = YES_ERROR;
				CLANG_WARN_SUSPICIOUS_MOVE = YES;
				CLANG_WARN_UNREACHABLE_CODE = YES;
				CLANG_WARN__DUPLICATE_METHOD_MATCH = YES;
				"CODE_SIGN_IDENTITY[sdk=iphoneos*]" = "iPhone Developer";
				COPY_PHASE_STRIP = NO;
				DEBUG_INFORMATION_FORMAT = "dwarf-with-dsym";
				ENABLE_NS_ASSERTIONS = NO;
				ENABLE_STRICT_OBJC_MSGSEND = YES;
				GCC_C_LANGUAGE_STANDARD = gnu99;
				GCC_NO_COMMON_BLOCKS = YES;
				GCC_WARN_64_TO_32_BIT_CONVERSION = YES;
				GCC_WARN_ABOUT_RETURN_TYPE = YES_ERROR;
				GCC_WARN_UNDECLARED_SELECTOR = YES;
				GCC_WARN_UNINITIALIZED_AUTOS = YES_AGGRESSIVE;
				GCC_WARN_UNUSED_FUNCTION = YES;
				GCC_WARN_UNUSED_VARIABLE = YES;
				IPHONEOS_DEPLOYMENT_TARGET = 10.3;
				MTL_ENABLE_DEBUG_INFO = NO;
				SDKROOT = iphoneos;
				SWIFT_OPTIMIZATION_LEVEL = "-Owholemodule";
				TARGETED_DEVICE_FAMILY = "1,2";
				VALIDATE_PRODUCT = YES;
			};
			name = Release;
		};
		92A339051E90FC6300353165 /* Debug */ = {
			isa = XCBuildConfiguration;
			baseConfigurationReference = 08860BE8C5E3837BCE6971D1 /* Pods-PokeDex.debug.xcconfig */;
			buildSettings = {
				ASSETCATALOG_COMPILER_APPICON_NAME = AppIcon;
				DEVELOPMENT_TEAM = 3G95JV9S9H;
				INFOPLIST_FILE = PokeDex/Info.plist;
				LD_RUNPATH_SEARCH_PATHS = "$(inherited) @executable_path/Frameworks";
				PRODUCT_BUNDLE_IDENTIFIER = com.myApp.PokeDex;
				PRODUCT_NAME = "$(TARGET_NAME)";
				SWIFT_VERSION = 3.0;
			};
			name = Debug;
		};
		92A339061E90FC6300353165 /* Release */ = {
			isa = XCBuildConfiguration;
			baseConfigurationReference = FA19C759EA72A688C5FE3D25 /* Pods-PokeDex.release.xcconfig */;
			buildSettings = {
				ASSETCATALOG_COMPILER_APPICON_NAME = AppIcon;
				DEVELOPMENT_TEAM = 3G95JV9S9H;
				INFOPLIST_FILE = PokeDex/Info.plist;
				LD_RUNPATH_SEARCH_PATHS = "$(inherited) @executable_path/Frameworks";
				PRODUCT_BUNDLE_IDENTIFIER = com.myApp.PokeDex;
				PRODUCT_NAME = "$(TARGET_NAME)";
				SWIFT_VERSION = 3.0;
			};
			name = Release;
		};
/* End XCBuildConfiguration section */

/* Begin XCConfigurationList section */
		92A338ED1E90FC6300353165 /* Build configuration list for PBXProject "PokeDex" */ = {
			isa = XCConfigurationList;
			buildConfigurations = (
				92A339021E90FC6300353165 /* Debug */,
				92A339031E90FC6300353165 /* Release */,
			);
			defaultConfigurationIsVisible = 0;
			defaultConfigurationName = Release;
		};
		92A339041E90FC6300353165 /* Build configuration list for PBXNativeTarget "PokeDex" */ = {
			isa = XCConfigurationList;
			buildConfigurations = (
				92A339051E90FC6300353165 /* Debug */,
				92A339061E90FC6300353165 /* Release */,
			);
			defaultConfigurationIsVisible = 0;
		};
/* End XCConfigurationList section */
	};
	rootObject = 92A338EA1E90FC6300353165 /* Project object */;
}
