// !$*UTF8*$!
{
	archiveVersion = 1;
	classes = {
	};
	objectVersion = 46;
	objects = {

/* Begin PBXBuildFile section */
		92A338F61E90FC6300353165 /* AppDelegate.swift in Sources */ = {isa = PBXBuildFile; fileRef = 92A338F51E90FC6300353165 /* AppDelegate.swift */; };
		92A338F81E90FC6300353165 /* ViewController.swift in Sources */ = {isa = PBXBuildFile; fileRef = 92A338F71E90FC6300353165 /* ViewController.swift */; };
		92A338FB1E90FC6300353165 /* Main.storyboard in Resources */ = {isa = PBXBuildFile; fileRef = 92A338F91E90FC6300353165 /* Main.storyboard */; };
		92A338FD1E90FC6300353165 /* Assets.xcassets in Resources */ = {isa = PBXBuildFile; fileRef = 92A338FC1E90FC6300353165 /* Assets.xcassets */; };
		92A339001E90FC6300353165 /* LaunchScreen.storyboard in Resources */ = {isa = PBXBuildFile; fileRef = 92A338FE1E90FC6300353165 /* LaunchScreen.storyboard */; };
/* End PBXBuildFile section */

/* Begin PBXFileReference section */
		92A338F21E90FC6300353165 /* PokeDex.app */ = {isa = PBXFileReference; explicitFileType = wrapper.application; includeInIndex = 0; path = PokeDex.app; sourceTree = BUILT_PRODUCTS_DIR; };
		92A338F51E90FC6300353165 /* AppDelegate.swift */ = {isa = PBXFileReference; lastKnownFileType = sourcecode.swift; path = AppDelegate.swift; sourceTree = "<group>"; };
		92A338F71E90FC6300353165 /* ViewController.swift */ = {isa = PBXFileReference; lastKnownFileType = sourcecode.swift; path = ViewController.swift; sourceTree = "<group>"; };
		92A338FA1E90FC6300353165 /* Base */ = {isa = PBXFileReference; lastKnownFileType = file.storyboard; name = Base; path = Base.lproj/Main.storyboard; sourceTree = "<group>"; };
		92A338FC1E90FC6300353165 /* Assets.xcassets */ = {isa = PBXFileReference; lastKnownFileType = folder.assetcatalog; path = Assets.xcassets; sourceTree = "<group>"; };
		92A338FF1E90FC6300353165 /* Base */ = {isa = PBXFileReference; lastKnownFileType = file.storyboard; name = Base; path = Base.lproj/LaunchScreen.storyboard; sourceTree = "<group>"; };
		92A339011E90FC6300353165 /* Info.plist */ = {isa = PBXFileReference; lastKnownFileType = text.plist.xml; path = Info.plist; sourceTree = "<group>"; };
/* End PBXFileReference section */

/* Begin PBXFrameworksBuildPhase section */
		92A338EF1E90FC6300353165 /* Frameworks */ = {
			isa = PBXFrameworksBuildPhase;
			buildActionMask = 2147483647;
			files = (
			);
			runOnlyForDeploymentPostprocessing = 0;
		};
/* End PBXFrameworksBuildPhase section */

/* Begin PBXGroup section */
		92A338E91E90FC6300353165 = {
			isa = PBXGroup;
			children = (
				92A338F41E90FC6300353165 /* PokeDex */,
				92A338F31E90FC6300353165 /* Products */,
			);
			sourceTree = "<group>";
		};
		92A338F31E90FC6300353165 /* Products */ = {
			isa = PBXGroup;
			children = (
				92A338F21E90FC6300353165 /* PokeDex.app */,
			);
			name = Products;
			sourceTree = "<group>";
		};
		92A338F41E90FC6300353165 /* PokeDex */ = {
			isa = PBXGroup;
			children = (
				92A338F51E90FC6300353165 /* AppDelegate.swift */,
				92A338F71E90FC6300353165 /* ViewController.swift */,
				92A338F91E90FC6300353165 /* Main.storyboard */,
				92A338FC1E90FC6300353165 /* Assets.xcassets */,
				92A338FE1E90FC6300353165 /* LaunchScreen.storyboard */,
				92A339011E90FC6300353165 /* Info.plist */,
			);
			path = PokeDex;
			sourceTree = "<group>";
		};
/* End PBXGroup section */

/* Begin PBXNativeTarget section */
		92A338F11E90FC6300353165 /* PokeDex */ = {
			isa = PBXNativeTarget;
			buildConfigurationList = 92A339041E90FC6300353165 /* Build configuration list for PBXNativeTarget "PokeDex" */;
			buildPhases = (
				92A338EE1E90FC6300353165 /* Sources */,
				92A338EF1E90FC6300353165 /* Frameworks */,
				92A338F01E90FC6300353165 /* Resources */,
			);
			buildRules = (
			);
			dependencies = (
			);
			name = PokeDex;
			productName = PokeDex;
			productReference = 92A338F21E90FC6300353165 /* PokeDex.app */;
			productType = "com.apple.product-type.application";
		};
/* End PBXNativeTarget section */

/* Begin PBXProject section */
		92A338EA1E90FC6300353165 /* Project object */ = {
			isa = PBXProject;
			attributes = {
				LastSwiftUpdateCheck = 0830;
				LastUpgradeCheck = 0830;
				ORGANIZATIONNAME = "Aman Chawla";
				TargetAttributes = {
					92A338F11E90FC6300353165 = {
						CreatedOnToolsVersion = 8.3;
						DevelopmentTeam = 3G95JV9S9H;
						ProvisioningStyle = Automatic;
					};
				};
			};
			buildConfigurationList = 92A338ED1E90FC6300353165 /* Build configuration list for PBXProject "PokeDex" */;
			compatibilityVersion = "Xcode 3.2";
			developmentRegion = English;
			hasScannedForEncodings = 0;
			knownRegions = (
				en,
				Base,
			);
			mainGroup = 92A338E91E90FC6300353165;
			productRefGroup = 92A338F31E90FC6300353165 /* Products */;
			projectDirPath = "";
			projectRoot = "";
			targets = (
				92A338F11E90FC6300353165 /* PokeDex */,
			);
		};
/* End PBXProject section */

/* Begin PBXResourcesBuildPhase section */
		92A338F01E90FC6300353165 /* Resources */ = {
			isa = PBXResourcesBuildPhase;
			buildActionMask = 2147483647;
			files = (
				92A339001E90FC6300353165 /* LaunchScreen.storyboard in Resources */,
				92A338FD1E90FC6300353165 /* Assets.xcassets in Resources */,
				92A338FB1E90FC6300353165 /* Main.storyboard in Resources */,
			);
			runOnlyForDeploymentPostprocessing = 0;
		};
/* End PBXResourcesBuildPhase section */

/* Begin PBXSourcesBuildPhase section */
		92A338EE1E90FC6300353165 /* Sources */ = {
			isa = PBXSourcesBuildPhase;
			buildActionMask = 2147483647;
			files = (
				92A338F81E90FC6300353165 /* ViewController.swift in Sources */,
				92A338F61E90FC6300353165 /* AppDelegate.swift in Sources */,
			);
			runOnlyForDeploymentPostprocessing = 0;
		};
/* End PBXSourcesBuildPhase section */

/* Begin PBXVariantGroup section */
		92A338F91E90FC6300353165 /* Main.storyboard */ = {
			isa = PBXVariantGroup;
			children = (
				92A338FA1E90FC6300353165 /* Base */,
			);
			name = Main.storyboard;
			sourceTree = "<group>";
		};
		92A338FE1E90FC6300353165 /* LaunchScreen.storyboard */ = {
			isa = PBXVariantGroup;
			children = (
				92A338FF1E90FC6300353165 /* Base */,
			);
			name = LaunchScreen.storyboard;
			sourceTree = "<group>";
		};
/* End PBXVariantGroup section */

/* Begin XCBuildConfiguration section */
		92A339021E90FC6300353165 /* Debug */ = {
			isa = XCBuildConfiguration;
			buildSettings = {
				ALWAYS_SEARCH_USER_PATHS = NO;
				CLANG_ANALYZER_NONNULL = YES;
				CLANG_ANALYZER_NUMBER_OBJECT_CONVERSION = YES_AGGRESSIVE;
				CLANG_CXX_LANGUAGE_STANDARD = "gnu++0x";
				CLANG_CXX_LIBRARY = "libc++";
				CLANG_ENABLE_MODULES = YES;
				CLANG_ENABLE_OBJC_ARC = YES;
				CLANG_WARN_BOOL_CONVERSION = YES;
				CLANG_WARN_CONSTANT_CONVERSION = YES;
				CLANG_WARN_DIRECT_OBJC_ISA_USAGE = YES_ERROR;
				CLANG_WARN_DOCUMENTATION_COMMENTS = YES;
				CLANG_WARN_EMPTY_BODY = YES;
				CLANG_WARN_ENUM_CONVERSION = YES;
				CLANG_WARN_INFINITE_RECURSION = YES;
				CLANG_WARN_INT_CONVERSION = YES;
				CLANG_WARN_OBJC_ROOT_CLASS = YES_ERROR;
				CLANG_WARN_SUSPICIOUS_MOVE = YES;
				CLANG_WARN_UNREACHABLE_CODE = YES;
				CLANG_WARN__DUPLICATE_METHOD_MATCH = YES;
				"CODE_SIGN_IDENTITY[sdk=iphoneos*]" = "iPhone Developer";
				COPY_PHASE_STRIP = NO;
				DEBUG_INFORMATION_FORMAT = dwarf;
				ENABLE_STRICT_OBJC_MSGSEND = YES;
				ENABLE_TESTABILITY = YES;
				GCC_C_LANGUAGE_STANDARD = gnu99;
				GCC_DYNAMIC_NO_PIC = NO;
				GCC_NO_COMMON_BLOCKS = YES;
				GCC_OPTIMIZATION_LEVEL = 0;
				GCC_PREPROCESSOR_DEFINITIONS = (
					"DEBUG=1",
					"$(inherited)",
				);
				GCC_WARN_64_TO_32_BIT_CONVERSION = YES;
				GCC_WARN_ABOUT_RETURN_TYPE = YES_ERROR;
				GCC_WARN_UNDECLARED_SELECTOR = YES;
				GCC_WARN_UNINITIALIZED_AUTOS = YES_AGGRESSIVE;
				GCC_WARN_UNUSED_FUNCTION = YES;
				GCC_WARN_UNUSED_VARIABLE = YES;
				IPHONEOS_DEPLOYMENT_TARGET = 10.3;
				MTL_ENABLE_DEBUG_INFO = YES;
				ONLY_ACTIVE_ARCH = YES;
				SDKROOT = iphoneos;
				SWIFT_ACTIVE_COMPILATION_CONDITIONS = DEBUG;
				SWIFT_OPTIMIZATION_LEVEL = "-Onone";
				TARGETED_DEVICE_FAMILY = "1,2";
			};
			name = Debug;
		};
		92A339031E90FC6300353165 /* Release */ = {
			isa = XCBuildConfiguration;
			buildSettings = {
				ALWAYS_SEARCH_USER_PATHS = NO;
				CLANG_ANALYZER_NONNULL = YES;
				CLANG_ANALYZER_NUMBER_OBJECT_CONVERSION = YES_AGGRESSIVE;
				CLANG_CXX_LANGUAGE_STANDARD = "gnu++0x";
				CLANG_CXX_LIBRARY = "libc++";
				CLANG_ENABLE_MODULES = YES;
				CLANG_ENABLE_OBJC_ARC = YES;
				CLANG_WARN_BOOL_CONVERSION = YES;
				CLANG_WARN_CONSTANT_CONVERSION = YES;
				CLANG_WARN_DIRECT_OBJC_ISA_USAGE = YES_ERROR;
				CLANG_WARN_DOCUMENTATION_COMMENTS = YES;
				CLANG_WARN_EMPTY_BODY = YES;
				CLANG_WARN_ENUM_CONVERSION = YES;
				CLANG_WARN_INFINITE_RECURSION = YES;
				CLANG_WARN_INT_CONVERSION = YES;
				CLANG_WARN_OBJC_ROOT_CLASS = YES_ERROR;
				CLANG_WARN_SUSPICIOUS_MOVE = YES;
				CLANG_WARN_UNREACHABLE_CODE = YES;
				CLANG_WARN__DUPLICATE_METHOD_MATCH = YES;
				"CODE_SIGN_IDENTITY[sdk=iphoneos*]" = "iPhone Developer";
				COPY_PHASE_STRIP = NO;
				DEBUG_INFORMATION_FORMAT = "dwarf-with-dsym";
				ENABLE_NS_ASSERTIONS = NO;
				ENABLE_STRICT_OBJC_MSGSEND = YES;
				GCC_C_LANGUAGE_STANDARD = gnu99;
				GCC_NO_COMMON_BLOCKS = YES;
				GCC_WARN_64_TO_32_BIT_CONVERSION = YES;
				GCC_WARN_ABOUT_RETURN_TYPE = YES_ERROR;
				GCC_WARN_UNDECLARED_SELECTOR = YES;
				GCC_WARN_UNINITIALIZED_AUTOS = YES_AGGRESSIVE;
				GCC_WARN_UNUSED_FUNCTION = YES;
				GCC_WARN_UNUSED_VARIABLE = YES;
				IPHONEOS_DEPLOYMENT_TARGET = 10.3;
				MTL_ENABLE_DEBUG_INFO = NO;
				SDKROOT = iphoneos;
				SWIFT_OPTIMIZATION_LEVEL = "-Owholemodule";
				TARGETED_DEVICE_FAMILY = "1,2";
				VALIDATE_PRODUCT = YES;
			};
			name = Release;
		};
		92A339051E90FC6300353165 /* Debug */ = {
			isa = XCBuildConfiguration;
			buildSettings = {
				ASSETCATALOG_COMPILER_APPICON_NAME = AppIcon;
				DEVELOPMENT_TEAM = 3G95JV9S9H;
				INFOPLIST_FILE = PokeDex/Info.plist;
				LD_RUNPATH_SEARCH_PATHS = "$(inherited) @executable_path/Frameworks";
				PRODUCT_BUNDLE_IDENTIFIER = com.myApp.PokeDex;
				PRODUCT_NAME = "$(TARGET_NAME)";
				SWIFT_VERSION = 3.0;
			};
			name = Debug;
		};
		92A339061E90FC6300353165 /* Release */ = {
			isa = XCBuildConfiguration;
			buildSettings = {
				ASSETCATALOG_COMPILER_APPICON_NAME = AppIcon;
				DEVELOPMENT_TEAM = 3G95JV9S9H;
				INFOPLIST_FILE = PokeDex/Info.plist;
				LD_RUNPATH_SEARCH_PATHS = "$(inherited) @executable_path/Frameworks";
				PRODUCT_BUNDLE_IDENTIFIER = com.myApp.PokeDex;
				PRODUCT_NAME = "$(TARGET_NAME)";
				SWIFT_VERSION = 3.0;
			};
			name = Release;
		};
/* End XCBuildConfiguration section */

/* Begin XCConfigurationList section */
		92A338ED1E90FC6300353165 /* Build configuration list for PBXProject "PokeDex" */ = {
			isa = XCConfigurationList;
			buildConfigurations = (
				92A339021E90FC6300353165 /* Debug */,
				92A339031E90FC6300353165 /* Release */,
			);
			defaultConfigurationIsVisible = 0;
			defaultConfigurationName = Release;
		};
		92A339041E90FC6300353165 /* Build configuration list for PBXNativeTarget "PokeDex" */ = {
			isa = XCConfigurationList;
			buildConfigurations = (
				92A339051E90FC6300353165 /* Debug */,
				92A339061E90FC6300353165 /* Release */,
			);
			defaultConfigurationIsVisible = 0;
		};
/* End XCConfigurationList section */
	};
	rootObject = 92A338EA1E90FC6300353165 /* Project object */;
}
